
Microsoft Visual Studio Solution File, Format Version 12.00
# Visual Studio 15
VisualStudioVersion = 15.0.28307.539
MinimumVisualStudioVersion = 10.0.40219.1
Project("{FAE04EC0-301F-11D3-BF4B-00C04F79EFBC}") = "WPF_ONBREAK", "WPF_ONBREAK\WPF_ONBREAK.csproj", "{C62AFD37-14C3-454A-BB48-2060DA821D55}"
EndProject
Project("{FAE04EC0-301F-11D3-BF4B-00C04F79EFBC}") = "DAL", "DAL\DAL.csproj", "{7C85B7F2-8800-4B96-99A3-F7FCDCEE1F6D}"
EndProject
Project("{FAE04EC0-301F-11D3-BF4B-00C04F79EFBC}") = "BLL", "BLL\BLL.csproj", "{D73E851A-40AF-45C5-813E-2802EAB677E9}"
EndProject
Global
	GlobalSection(SolutionConfigurationPlatforms) = preSolution
		Debug|Any CPU = Debug|Any CPU
		Release|Any CPU = Release|Any CPU
	EndGlobalSection
	GlobalSection(ProjectConfigurationPlatforms) = postSolution
		{C62AFD37-14C3-454A-BB48-2060DA821D55}.Debug|Any CPU.ActiveCfg = Debug|Any CPU
		{C62AFD37-14C3-454A-BB48-2060DA821D55}.Debug|Any CPU.Build.0 = Debug|Any CPU
		{C62AFD37-14C3-454A-BB48-2060DA821D55}.Release|Any CPU.ActiveCfg = Release|Any CPU
		{C62AFD37-14C3-454A-BB48-2060DA821D55}.Release|Any CPU.Build.0 = Release|Any CPU
		{7C85B7F2-8800-4B96-99A3-F7FCDCEE1F6D}.Debug|Any CPU.ActiveCfg = Debug|Any CPU
		{7C85B7F2-8800-4B96-99A3-F7FCDCEE1F6D}.Debug|Any CPU.Build.0 = Debug|Any CPU
		{7C85B7F2-8800-4B96-99A3-F7FCDCEE1F6D}.Release|Any CPU.ActiveCfg = Release|Any CPU
		{7C85B7F2-8800-4B96-99A3-F7FCDCEE1F6D}.Release|Any CPU.Build.0 = Release|Any CPU
		{D73E851A-40AF-45C5-813E-2802EAB677E9}.Debug|Any CPU.ActiveCfg = Debug|Any CPU
		{D73E851A-40AF-45C5-813E-2802EAB677E9}.Debug|Any CPU.Build.0 = Debug|Any CPU
		{D73E851A-40AF-45C5-813E-2802EAB677E9}.Release|Any CPU.ActiveCfg = Release|Any CPU
		{D73E851A-40AF-45C5-813E-2802EAB677E9}.Release|Any CPU.Build.0 = Release|Any CPU
	EndGlobalSection
	GlobalSection(SolutionProperties) = preSolution
		HideSolutionNode = FALSE
	EndGlobalSection
	GlobalSection(ExtensibilityGlobals) = postSolution
		SolutionGuid = {6352DB56-759A-4936-B4AE-5BB864C6976D}
	EndGlobalSection
EndGlobal
